PODS:
  - FPGSilentLogger (0.1.0):
    - JRSwizzle
  - JRSwizzle (1.0)

DEPENDENCIES:
  - FPGSilentLogger (from `../`)

EXTERNAL SOURCES:
  FPGSilentLogger:
    :path: ../

SPEC CHECKSUMS:
  FPGSilentLogger: 809ca67a1effb6c305462589c15bb06cb3bf16a9
  JRSwizzle: dd5ead5d913a0f29e7f558200165849f006bb1e3

COCOAPODS: 0.39.0
