PODS:
  - FPGSilentLogger (0.1.1):
    - JRSwizzle
  - JRSwizzle (1.0)

DEPENDENCIES:
  - FPGSilentLogger (from `../`)

EXTERNAL SOURCES:
  FPGSilentLogger:
    :path: ../

SPEC CHECKSUMS:
  FPGSilentLogger: c69c6cb6606fbd35ce02bd74730b455f3a6e1465
  JRSwizzle: dd5ead5d913a0f29e7f558200165849f006bb1e3

COCOAPODS: 0.39.0
